
Microsoft Visual Studio Solution File, Format Version 12.00
# Visual Studio 15
VisualStudioVersion = 15.0.28307.168
MinimumVisualStudioVersion = 10.0.40219.1
Project("{8BC9CEB8-8B4A-11D0-8D11-00A0C91BC942}") = "Übungsblatt_1", "Übungsblatt_1\Übungsblatt_1.vcxproj", "{B9311011-FEC3-46D4-9BFA-C57E51710E36}"
EndProject
Project("{8BC9CEB8-8B4A-11D0-8D11-00A0C91BC942}") = "Übungsblatt_1_A4", "Übungsblatt_1_A4\Übungsblatt_1_A4.vcxproj", "{3BBBF9F2-3F97-405B-BBB5-5399B88992B4}"
EndProject
Project("{8BC9CEB8-8B4A-11D0-8D11-00A0C91BC942}") = "Praktikum_1_Aufgabe_1", "Praktikum_1_Aufgabe_1\Praktikum_1_Aufgabe_1.vcxproj", "{8959BCC0-58B3-4AA2-95CC-B80CC563C737}"
EndProject
Project("{8BC9CEB8-8B4A-11D0-8D11-00A0C91BC942}") = "Praktikum_1_Aufgabe_2", "Praktikum_1_Aufgabe_2\Praktikum_1_Aufgabe_2.vcxproj", "{149A74F3-B122-4536-87AE-3FB864492611}"
EndProject
Project("{8BC9CEB8-8B4A-11D0-8D11-00A0C91BC942}") = "Praktikum_1_Aufgabe_3", "Praktikum_1_Aufgabe_3\Praktikum_1_Aufgabe_3.vcxproj", "{C5E2C44D-C6C3-4AD8-94BE-069A811D8093}"
EndProject
Project("{8BC9CEB8-8B4A-11D0-8D11-00A0C91BC942}") = "Praktikum_2_Aufgabe_1", "Praktikum_2_Aufgabe_1\Praktikum_2_Aufgabe_1.vcxproj", "{3B5E60D5-FFBF-413E-9522-07DA48695AF2}"
EndProject
Global
	GlobalSection(SolutionConfigurationPlatforms) = preSolution
		Debug|x64 = Debug|x64
		Debug|x86 = Debug|x86
		Release|x64 = Release|x64
		Release|x86 = Release|x86
	EndGlobalSection
	GlobalSection(ProjectConfigurationPlatforms) = postSolution
		{B9311011-FEC3-46D4-9BFA-C57E51710E36}.Debug|x64.ActiveCfg = Debug|x64
		{B9311011-FEC3-46D4-9BFA-C57E51710E36}.Debug|x64.Build.0 = Debug|x64
		{B9311011-FEC3-46D4-9BFA-C57E51710E36}.Debug|x86.ActiveCfg = Debug|Win32
		{B9311011-FEC3-46D4-9BFA-C57E51710E36}.Debug|x86.Build.0 = Debug|Win32
		{B9311011-FEC3-46D4-9BFA-C57E51710E36}.Release|x64.ActiveCfg = Release|x64
		{B9311011-FEC3-46D4-9BFA-C57E51710E36}.Release|x64.Build.0 = Release|x64
		{B9311011-FEC3-46D4-9BFA-C57E51710E36}.Release|x86.ActiveCfg = Release|Win32
		{B9311011-FEC3-46D4-9BFA-C57E51710E36}.Release|x86.Build.0 = Release|Win32
		{3BBBF9F2-3F97-405B-BBB5-5399B88992B4}.Debug|x64.ActiveCfg = Debug|x64
		{3BBBF9F2-3F97-405B-BBB5-5399B88992B4}.Debug|x64.Build.0 = Debug|x64
		{3BBBF9F2-3F97-405B-BBB5-5399B88992B4}.Debug|x86.ActiveCfg = Debug|Win32
		{3BBBF9F2-3F97-405B-BBB5-5399B88992B4}.Debug|x86.Build.0 = Debug|Win32
		{3BBBF9F2-3F97-405B-BBB5-5399B88992B4}.Release|x64.ActiveCfg = Release|x64
		{3BBBF9F2-3F97-405B-BBB5-5399B88992B4}.Release|x64.Build.0 = Release|x64
		{3BBBF9F2-3F97-405B-BBB5-5399B88992B4}.Release|x86.ActiveCfg = Release|Win32
		{3BBBF9F2-3F97-405B-BBB5-5399B88992B4}.Release|x86.Build.0 = Release|Win32
		{8959BCC0-58B3-4AA2-95CC-B80CC563C737}.Debug|x64.ActiveCfg = Debug|x64
		{8959BCC0-58B3-4AA2-95CC-B80CC563C737}.Debug|x64.Build.0 = Debug|x64
		{8959BCC0-58B3-4AA2-95CC-B80CC563C737}.Debug|x86.ActiveCfg = Debug|Win32
		{8959BCC0-58B3-4AA2-95CC-B80CC563C737}.Debug|x86.Build.0 = Debug|Win32
		{8959BCC0-58B3-4AA2-95CC-B80CC563C737}.Release|x64.ActiveCfg = Release|x64
		{8959BCC0-58B3-4AA2-95CC-B80CC563C737}.Release|x64.Build.0 = Release|x64
		{8959BCC0-58B3-4AA2-95CC-B80CC563C737}.Release|x86.ActiveCfg = Release|Win32
		{8959BCC0-58B3-4AA2-95CC-B80CC563C737}.Release|x86.Build.0 = Release|Win32
		{149A74F3-B122-4536-87AE-3FB864492611}.Debug|x64.ActiveCfg = Debug|x64
		{149A74F3-B122-4536-87AE-3FB864492611}.Debug|x64.Build.0 = Debug|x64
		{149A74F3-B122-4536-87AE-3FB864492611}.Debug|x86.ActiveCfg = Debug|Win32
		{149A74F3-B122-4536-87AE-3FB864492611}.Debug|x86.Build.0 = Debug|Win32
		{149A74F3-B122-4536-87AE-3FB864492611}.Release|x64.ActiveCfg = Release|x64
		{149A74F3-B122-4536-87AE-3FB864492611}.Release|x64.Build.0 = Release|x64
		{149A74F3-B122-4536-87AE-3FB864492611}.Release|x86.ActiveCfg = Release|Win32
		{149A74F3-B122-4536-87AE-3FB864492611}.Release|x86.Build.0 = Release|Win32
		{C5E2C44D-C6C3-4AD8-94BE-069A811D8093}.Debug|x64.ActiveCfg = Debug|x64
		{C5E2C44D-C6C3-4AD8-94BE-069A811D8093}.Debug|x64.Build.0 = Debug|x64
		{C5E2C44D-C6C3-4AD8-94BE-069A811D8093}.Debug|x86.ActiveCfg = Debug|Win32
		{C5E2C44D-C6C3-4AD8-94BE-069A811D8093}.Debug|x86.Build.0 = Debug|Win32
		{C5E2C44D-C6C3-4AD8-94BE-069A811D8093}.Release|x64.ActiveCfg = Release|x64
		{C5E2C44D-C6C3-4AD8-94BE-069A811D8093}.Release|x64.Build.0 = Release|x64
		{C5E2C44D-C6C3-4AD8-94BE-069A811D8093}.Release|x86.ActiveCfg = Release|Win32
		{C5E2C44D-C6C3-4AD8-94BE-069A811D8093}.Release|x86.Build.0 = Release|Win32
		{3B5E60D5-FFBF-413E-9522-07DA48695AF2}.Debug|x64.ActiveCfg = Debug|x64
		{3B5E60D5-FFBF-413E-9522-07DA48695AF2}.Debug|x64.Build.0 = Debug|x64
		{3B5E60D5-FFBF-413E-9522-07DA48695AF2}.Debug|x86.ActiveCfg = Debug|Win32
		{3B5E60D5-FFBF-413E-9522-07DA48695AF2}.Debug|x86.Build.0 = Debug|Win32
		{3B5E60D5-FFBF-413E-9522-07DA48695AF2}.Release|x64.ActiveCfg = Release|x64
		{3B5E60D5-FFBF-413E-9522-07DA48695AF2}.Release|x64.Build.0 = Release|x64
		{3B5E60D5-FFBF-413E-9522-07DA48695AF2}.Release|x86.ActiveCfg = Release|Win32
		{3B5E60D5-FFBF-413E-9522-07DA48695AF2}.Release|x86.Build.0 = Release|Win32
	EndGlobalSection
	GlobalSection(SolutionProperties) = preSolution
		HideSolutionNode = FALSE
	EndGlobalSection
	GlobalSection(ExtensibilityGlobals) = postSolution
		SolutionGuid = {E9D3F115-3AA9-44CB-BC5B-266CCE4C5586}
	EndGlobalSection
EndGlobal
